
Microsoft Visual Studio Solution File, Format Version 12.00
# Visual Studio 14
VisualStudioVersion = 14.0.25420.1
MinimumVisualStudioVersion = 10.0.40219.1
Project("{2150E333-8FDC-42A3-9474-1A3956D46DE8}") = "src", "src", "{E727CC6F-9CFF-450D-B3C2-7D289165D2CA}"
EndProject
Project("{2150E333-8FDC-42A3-9474-1A3956D46DE8}") = "Solution Items", "Solution Items", "{33D72628-074B-48FB-93D5-C2536C5289E7}"
	ProjectSection(SolutionItems) = preProject
		global.json = global.json
	EndProjectSection
EndProject
Project("{8BB2217D-0F2D-49D1-97BC-3654ED321F3B}") = "CMSApp", "src\CMSApp\CMSApp.xproj", "{887A4A40-3BE8-4CB4-B4B2-FDA8866BE989}"
EndProject
Global
	GlobalSection(SolutionConfigurationPlatforms) = preSolution
		Debug|Any CPU = Debug|Any CPU
		Release|Any CPU = Release|Any CPU
	EndGlobalSection
	GlobalSection(ProjectConfigurationPlatforms) = postSolution
		{887A4A40-3BE8-4CB4-B4B2-FDA8866BE989}.Debug|Any CPU.ActiveCfg = Debug|Any CPU
		{887A4A40-3BE8-4CB4-B4B2-FDA8866BE989}.Debug|Any CPU.Build.0 = Debug|Any CPU
		{887A4A40-3BE8-4CB4-B4B2-FDA8866BE989}.Release|Any CPU.ActiveCfg = Release|Any CPU
		{887A4A40-3BE8-4CB4-B4B2-FDA8866BE989}.Release|Any CPU.Build.0 = Release|Any CPU
	EndGlobalSection
	GlobalSection(SolutionProperties) = preSolution
		HideSolutionNode = FALSE
	EndGlobalSection
	GlobalSection(NestedProjects) = preSolution
		{887A4A40-3BE8-4CB4-B4B2-FDA8866BE989} = {E727CC6F-9CFF-450D-B3C2-7D289165D2CA}
	EndGlobalSection
EndGlobal
